
Microsoft Visual Studio Solution File, Format Version 12.00
# Visual Studio 15
VisualStudioVersion = 15.0.27130.2036
MinimumVisualStudioVersion = 10.0.40219.1
Project("{9A19103F-16F7-4668-BE54-9A1E7A4F7556}") = "Sharp.BlobStorage", "Sharp.BlobStorage\Sharp.BlobStorage.csproj", "{D270238E-7159-4119-8C72-70121F8C0073}"
EndProject
Project("{2150E333-8FDC-42A3-9474-1A3956D46DE8}") = ".root", ".root", "{C6C045F4-63DA-4DF5-A696-712EA760592D}"
	ProjectSection(SolutionItems) = preProject
		.gitattributes = .gitattributes
		.gitignore = .gitignore
		General.props = General.props
		GlobalAssemblyInfo.cs = GlobalAssemblyInfo.cs
		LICENSE.txt = LICENSE.txt
		NuGet.config = NuGet.config
		README.md = README.md
		Set-Version.ps1 = Set-Version.ps1
	EndProjectSection
EndProject
Project("{9A19103F-16F7-4668-BE54-9A1E7A4F7556}") = "Sharp.BlobStorage.Tests", "Sharp.BlobStorage.Tests\Sharp.BlobStorage.Tests.csproj", "{3CAF5876-D4AB-4075-AD6E-9E2A264A627F}"
EndProject
Project("{9A19103F-16F7-4668-BE54-9A1E7A4F7556}") = "Sharp.BlobStorage.Azure", "Sharp.BlobStorage.Azure\Sharp.BlobStorage.Azure.csproj", "{387F9FD8-80A6-477A-87D9-EC3035AF197B}"
	ProjectSection(ProjectDependencies) = postProject
		{D270238E-7159-4119-8C72-70121F8C0073} = {D270238E-7159-4119-8C72-70121F8C0073}
	EndProjectSection
EndProject
Project("{9A19103F-16F7-4668-BE54-9A1E7A4F7556}") = "Sharp.BlobStorage.Azure.Tests", "Sharp.BlobStorage.Azure.Tests\Sharp.BlobStorage.Azure.Tests.csproj", "{96D73AF7-B92D-4146-BB62-79880E918C7D}"
EndProject
Global
	GlobalSection(SolutionConfigurationPlatforms) = preSolution
		Debug|Any CPU = Debug|Any CPU
		Release|Any CPU = Release|Any CPU
	EndGlobalSection
	GlobalSection(ProjectConfigurationPlatforms) = postSolution
		{D270238E-7159-4119-8C72-70121F8C0073}.Debug|Any CPU.ActiveCfg = Debug|Any CPU
		{D270238E-7159-4119-8C72-70121F8C0073}.Debug|Any CPU.Build.0 = Debug|Any CPU
		{D270238E-7159-4119-8C72-70121F8C0073}.Release|Any CPU.ActiveCfg = Release|Any CPU
		{D270238E-7159-4119-8C72-70121F8C0073}.Release|Any CPU.Build.0 = Release|Any CPU
		{3CAF5876-D4AB-4075-AD6E-9E2A264A627F}.Debug|Any CPU.ActiveCfg = Debug|Any CPU
		{3CAF5876-D4AB-4075-AD6E-9E2A264A627F}.Debug|Any CPU.Build.0 = Debug|Any CPU
		{3CAF5876-D4AB-4075-AD6E-9E2A264A627F}.Release|Any CPU.ActiveCfg = Release|Any CPU
		{3CAF5876-D4AB-4075-AD6E-9E2A264A627F}.Release|Any CPU.Build.0 = Release|Any CPU
		{387F9FD8-80A6-477A-87D9-EC3035AF197B}.Debug|Any CPU.ActiveCfg = Debug|Any CPU
		{387F9FD8-80A6-477A-87D9-EC3035AF197B}.Debug|Any CPU.Build.0 = Debug|Any CPU
		{387F9FD8-80A6-477A-87D9-EC3035AF197B}.Release|Any CPU.ActiveCfg = Release|Any CPU
		{387F9FD8-80A6-477A-87D9-EC3035AF197B}.Release|Any CPU.Build.0 = Release|Any CPU
		{96D73AF7-B92D-4146-BB62-79880E918C7D}.Debug|Any CPU.ActiveCfg = Debug|Any CPU
		{96D73AF7-B92D-4146-BB62-79880E918C7D}.Debug|Any CPU.Build.0 = Debug|Any CPU
		{96D73AF7-B92D-4146-BB62-79880E918C7D}.Release|Any CPU.ActiveCfg = Release|Any CPU
		{96D73AF7-B92D-4146-BB62-79880E918C7D}.Release|Any CPU.Build.0 = Release|Any CPU
	EndGlobalSection
	GlobalSection(SolutionProperties) = preSolution
		HideSolutionNode = FALSE
	EndGlobalSection
	GlobalSection(ExtensibilityGlobals) = postSolution
		SolutionGuid = {9FA7EAD5-F10C-41D9-B559-5F0223010835}
	EndGlobalSection
EndGlobal
